// !$*UTF8*$!
{
 archiveVersion = 1;
 classes = {};
 objectVersion = 56;
 objects = {
  A1 /* CampusCompanion.app */ = {isa = PBXFileReference; explicitFileType = wrapper.application; path = CampusCompanion.app; sourceTree = BUILT_PRODUCTS_DIR;};
  F1 = {isa = PBXFileReference; lastKnownFileType = sourcecode.swift; path = AppDelegate.swift; sourceTree = "<group>";};
  F2 = {isa = PBXFileReference; lastKnownFileType = sourcecode.swift; path = SceneDelegate.swift; sourceTree = "<group>";};
  F3 = {isa = PBXFileReference; lastKnownFileType = sourcecode.swift; path = ViewController.swift; sourceTree = "<group>";};
  F4 = {isa = PBXFileReference; lastKnownFileType = sourcecode.swift; path = DetailViewController.swift; sourceTree = "<group>";};
  F5 = {isa = PBXFileReference; lastKnownFileType = file.storyboard; path = Main.storyboard; sourceTree = "<group>";};
  F6 = {isa = PBXFileReference; lastKnownFileType = file.storyboard; path = LaunchScreen.storyboard; sourceTree = "<group>";};
  F7 = {isa = PBXFileReference; lastKnownFileType = text.plist.xml; path = Info.plist; sourceTree = "<group>";};
  B1 = {isa = PBXBuildFile; fileRef = F1;}; B2 = {isa = PBXBuildFile; fileRef = F2;}; B3 = {isa = PBXBuildFile; fileRef = F3;}; B4 = {isa = PBXBuildFile; fileRef = F4;}; B5 = {isa = PBXBuildFile; fileRef = F5;}; B6 = {isa = PBXBuildFile; fileRef = F6;};
  G0 = {isa = PBXGroup; children = (G1, G2); sourceTree = "<group>";};
  G1 = {isa = PBXGroup; path = CampusCompanion; sourceTree = "<group>"; children = (F1,F2,F3,F4,F5,F6,F7);};
  G2 = {isa = PBXGroup; name = Products; sourceTree = "<group>"; children = (A1);};
  P1 = {isa = PBXProject; attributes = {LastSwiftUpdateCheck = 1600; LastUpgradeCheck = 1600; TargetAttributes = {T1 = {CreatedOnToolsVersion = 16.0;};};}; buildConfigurationList = CLP; compatibilityVersion = "Xcode 14.0"; developmentRegion = en; hasScannedForEncodings = 0; knownRegions = (en, Base); mainGroup = G0; productRefGroup = G2; projectDirPath = ""; projectRoot = ""; targets = (T1);};
  T1 = {isa = PBXNativeTarget; buildConfigurationList = CLT; buildPhases = (S1,R1,FW1); buildRules = (); dependencies = (); name = CampusCompanion; productName = CampusCompanion; productReference = A1; productType = "com.apple.product-type.application";};
  S1 = {isa = PBXSourcesBuildPhase; buildActionMask = 2147483647; files = (B1,B2,B3,B4); runOnlyForDeploymentPostprocessing = 0;};
  R1 = {isa = PBXResourcesBuildPhase; buildActionMask = 2147483647; files = (B5,B6); runOnlyForDeploymentPostprocessing = 0;};
  FW1 = {isa = PBXFrameworksBuildPhase; buildActionMask = 2147483647; files = (); runOnlyForDeploymentPostprocessing = 0;};
  CLP = {isa = XCConfigurationList; buildConfigurations = (PCD,PCR); defaultConfigurationIsVisible = 0; defaultConfigurationName = Release;};
  CLT = {isa = XCConfigurationList; buildConfigurations = (TCD,TCR); defaultConfigurationIsVisible = 0; defaultConfigurationName = Release;};
  PCD = {isa = XCBuildConfiguration; name = Debug; buildSettings = {CLANG_ENABLE_MODULES = YES; SWIFT_VERSION = 5.0;};};
  PCR = {isa = XCBuildConfiguration; name = Release; buildSettings = {CLANG_ENABLE_MODULES = YES; SWIFT_VERSION = 5.0;};};
  TCD = {isa = XCBuildConfiguration; name = Debug; buildSettings = {ASSETCATALOG_COMPILER_APPICON_NAME = AppIcon; CODE_SIGN_STYLE = Automatic; CURRENT_PROJECT_VERSION = 1; GENERATE_INFOPLIST_FILE = NO; INFOPLIST_FILE = CampusCompanion/Info.plist; IPHONEOS_DEPLOYMENT_TARGET = 16.0; MARKETING_VERSION = 1.0; PRODUCT_BUNDLE_IDENTIFIER = edu.feu.mad2.CampusCompanion; PRODUCT_NAME = "$(TARGET_NAME)"; SDKROOT = iphoneos; SUPPORTED_PLATFORMS = "iphoneos iphonesimulator"; SWIFT_VERSION = 5.0; TARGETED_DEVICE_FAMILY = 1;};};
  TCR = {isa = XCBuildConfiguration; name = Release; buildSettings = {ASSETCATALOG_COMPILER_APPICON_NAME = AppIcon; CODE_SIGN_STYLE = Automatic; CURRENT_PROJECT_VERSION = 1; GENERATE_INFOPLIST_FILE = NO; INFOPLIST_FILE = CampusCompanion/Info.plist; IPHONEOS_DEPLOYMENT_TARGET = 16.0; MARKETING_VERSION = 1.0; PRODUCT_BUNDLE_IDENTIFIER = edu.feu.mad2.CampusCompanion; PRODUCT_NAME = "$(TARGET_NAME)"; SDKROOT = iphoneos; SUPPORTED_PLATFORMS = "iphoneos iphonesimulator"; SWIFT_VERSION = 5.0; TARGETED_DEVICE_FAMILY = 1;};};
 };
 rootObject = P1;
}
